
Microsoft Visual Studio Solution File, Format Version 12.00
# Visual Studio Version 17
VisualStudioVersion = 17.3.32901.215
MinimumVisualStudioVersion = 10.0.40219.1
Project("{FAE04EC0-301F-11D3-BF4B-00C04F79EFBC}") = "kronametre-1575", "kronametre-1575\kronametre-1575.csproj", "{AE2F5B5A-2009-49B9-AF2F-D8D2D742174A}"
EndProject
Global
	GlobalSection(SolutionConfigurationPlatforms) = preSolution
		Debug|Any CPU = Debug|Any CPU
		Release|Any CPU = Release|Any CPU
	EndGlobalSection
	GlobalSection(ProjectConfigurationPlatforms) = postSolution
		{AE2F5B5A-2009-49B9-AF2F-D8D2D742174A}.Debug|Any CPU.ActiveCfg = Debug|Any CPU
		{AE2F5B5A-2009-49B9-AF2F-D8D2D742174A}.Debug|Any CPU.Build.0 = Debug|Any CPU
		{AE2F5B5A-2009-49B9-AF2F-D8D2D742174A}.Release|Any CPU.ActiveCfg = Release|Any CPU
		{AE2F5B5A-2009-49B9-AF2F-D8D2D742174A}.Release|Any CPU.Build.0 = Release|Any CPU
	EndGlobalSection
	GlobalSection(SolutionProperties) = preSolution
		HideSolutionNode = FALSE
	EndGlobalSection
	GlobalSection(ExtensibilityGlobals) = postSolution
		SolutionGuid = {0DD3229F-11FE-4BDF-B2FC-05DC8DD6AAD0}
	EndGlobalSection
EndGlobal
